// !$*UTF8*$!
{
	archiveVersion = 1;
	classes = {
	};
	objectVersion = 46;
	objects = {

/* Begin PBXBuildFile section */
		D7DA8D521BB814410083DDD1 /* main.m in Sources */ = {isa = PBXBuildFile; fileRef = D7DA8D511BB814410083DDD1 /* main.m */; };
		D7DA8D551BB814410083DDD1 /* AppDelegate.m in Sources */ = {isa = PBXBuildFile; fileRef = D7DA8D541BB814410083DDD1 /* AppDelegate.m */; };
		D7DA8D581BB814410083DDD1 /* ViewController.m in Sources */ = {isa = PBXBuildFile; fileRef = D7DA8D571BB814410083DDD1 /* ViewController.m */; };
		D7DA8D5B1BB814410083DDD1 /* Main.storyboard in Resources */ = {isa = PBXBuildFile; fileRef = D7DA8D591BB814410083DDD1 /* Main.storyboard */; };
		D7DA8D5D1BB814410083DDD1 /* Images.xcassets in Resources */ = {isa = PBXBuildFile; fileRef = D7DA8D5C1BB814410083DDD1 /* Images.xcassets */; };
		D7DA8D601BB814410083DDD1 /* LaunchScreen.xib in Resources */ = {isa = PBXBuildFile; fileRef = D7DA8D5E1BB814410083DDD1 /* LaunchScreen.xib */; };
		D7DA8D6C1BB814410083DDD1 /* TransformDemoTests.m in Sources */ = {isa = PBXBuildFile; fileRef = D7DA8D6B1BB814410083DDD1 /* TransformDemoTests.m */; };
		D7DA8D771BB81BF50083DDD1 /* horse.png in Resources */ = {isa = PBXBuildFile; fileRef = D7DA8D761BB81BF50083DDD1 /* horse.png */; };
/* End PBXBuildFile section */

/* Begin PBXContainerItemProxy section */
		D7DA8D661BB814410083DDD1 /* PBXContainerItemProxy */ = {
			isa = PBXContainerItemProxy;
			containerPortal = D7DA8D441BB814410083DDD1 /* Project object */;
			proxyType = 1;
			remoteGlobalIDString = D7DA8D4B1BB814410083DDD1;
			remoteInfo = TransformDemo;
		};
/* End PBXContainerItemProxy section */

/* Begin PBXFileReference section */
		D7DA8D4C1BB814410083DDD1 /* TransformDemo.app */ = {isa = PBXFileReference; explicitFileType = wrapper.application; includeInIndex = 0; path = TransformDemo.app; sourceTree = BUILT_PRODUCTS_DIR; };
		D7DA8D501BB814410083DDD1 /* Info.plist */ = {isa = PBXFileReference; lastKnownFileType = text.plist.xml; path = Info.plist; sourceTree = "<group>"; };
		D7DA8D511BB814410083DDD1 /* main.m */ = {isa = PBXFileReference; lastKnownFileType = sourcecode.c.objc; path = main.m; sourceTree = "<group>"; };
		D7DA8D531BB814410083DDD1 /* AppDelegate.h */ = {isa = PBXFileReference; lastKnownFileType = sourcecode.c.h; path = AppDelegate.h; sourceTree = "<group>"; };
		D7DA8D541BB814410083DDD1 /* AppDelegate.m */ = {isa = PBXFileReference; lastKnownFileType = sourcecode.c.objc; path = AppDelegate.m; sourceTree = "<group>"; };
		D7DA8D561BB814410083DDD1 /* ViewController.h */ = {isa = PBXFileReference; lastKnownFileType = sourcecode.c.h; path = ViewController.h; sourceTree = "<group>"; };
		D7DA8D571BB814410083DDD1 /* ViewController.m */ = {isa = PBXFileReference; lastKnownFileType = sourcecode.c.objc; path = ViewController.m; sourceTree = "<group>"; };
		D7DA8D5A1BB814410083DDD1 /* Base */ = {isa = PBXFileReference; lastKnownFileType = file.storyboard; name = Base; path = Base.lproj/Main.storyboard; sourceTree = "<group>"; };
		D7DA8D5C1BB814410083DDD1 /* Images.xcassets */ = {isa = PBXFileReference; lastKnownFileType = folder.assetcatalog; path = Images.xcassets; sourceTree = "<group>"; };
		D7DA8D5F1BB814410083DDD1 /* Base */ = {isa = PBXFileReference; lastKnownFileType = file.xib; name = Base; path = Base.lproj/LaunchScreen.xib; sourceTree = "<group>"; };
		D7DA8D651BB814410083DDD1 /* TransformDemoTests.xctest */ = {isa = PBXFileReference; explicitFileType = wrapper.cfbundle; includeInIndex = 0; path = TransformDemoTests.xctest; sourceTree = BUILT_PRODUCTS_DIR; };
		D7DA8D6A1BB814410083DDD1 /* Info.plist */ = {isa = PBXFileReference; lastKnownFileType = text.plist.xml; path = Info.plist; sourceTree = "<group>"; };
		D7DA8D6B1BB814410083DDD1 /* TransformDemoTests.m */ = {isa = PBXFileReference; lastKnownFileType = sourcecode.c.objc; path = TransformDemoTests.m; sourceTree = "<group>"; };
		D7DA8D761BB81BF50083DDD1 /* horse.png */ = {isa = PBXFileReference; lastKnownFileType = image.png; path = horse.png; sourceTree = "<group>"; };
/* End PBXFileReference section */

/* Begin PBXFrameworksBuildPhase section */
		D7DA8D491BB814410083DDD1 /* Frameworks */ = {
			isa = PBXFrameworksBuildPhase;
			buildActionMask = 2147483647;
			files = (
			);
			runOnlyForDeploymentPostprocessing = 0;
		};
		D7DA8D621BB814410083DDD1 /* Frameworks */ = {
			isa = PBXFrameworksBuildPhase;
			buildActionMask = 2147483647;
			files = (
			);
			runOnlyForDeploymentPostprocessing = 0;
		};
/* End PBXFrameworksBuildPhase section */

/* Begin PBXGroup section */
		D7DA8D431BB814410083DDD1 = {
			isa = PBXGroup;
			children = (
				D7DA8D4E1BB814410083DDD1 /* TransformDemo */,
				D7DA8D681BB814410083DDD1 /* TransformDemoTests */,
				D7DA8D4D1BB814410083DDD1 /* Products */,
			);
			sourceTree = "<group>";
		};
		D7DA8D4D1BB814410083DDD1 /* Products */ = {
			isa = PBXGroup;
			children = (
				D7DA8D4C1BB814410083DDD1 /* TransformDemo.app */,
				D7DA8D651BB814410083DDD1 /* TransformDemoTests.xctest */,
			);
			name = Products;
			sourceTree = "<group>";
		};
		D7DA8D4E1BB814410083DDD1 /* TransformDemo */ = {
			isa = PBXGroup;
			children = (
				D7DA8D751BB81BE50083DDD1 /* Resource */,
				D7DA8D531BB814410083DDD1 /* AppDelegate.h */,
				D7DA8D541BB814410083DDD1 /* AppDelegate.m */,
				D7DA8D561BB814410083DDD1 /* ViewController.h */,
				D7DA8D571BB814410083DDD1 /* ViewController.m */,
				D7DA8D591BB814410083DDD1 /* Main.storyboard */,
				D7DA8D5C1BB814410083DDD1 /* Images.xcassets */,
				D7DA8D5E1BB814410083DDD1 /* LaunchScreen.xib */,
				D7DA8D4F1BB814410083DDD1 /* Supporting Files */,
			);
			path = TransformDemo;
			sourceTree = "<group>";
		};
		D7DA8D4F1BB814410083DDD1 /* Supporting Files */ = {
			isa = PBXGroup;
			children = (
				D7DA8D501BB814410083DDD1 /* Info.plist */,
				D7DA8D511BB814410083DDD1 /* main.m */,
			);
			name = "Supporting Files";
			sourceTree = "<group>";
		};
		D7DA8D681BB814410083DDD1 /* TransformDemoTests */ = {
			isa = PBXGroup;
			children = (
				D7DA8D6B1BB814410083DDD1 /* TransformDemoTests.m */,
				D7DA8D691BB814410083DDD1 /* Supporting Files */,
			);
			path = TransformDemoTests;
			sourceTree = "<group>";
		};
		D7DA8D691BB814410083DDD1 /* Supporting Files */ = {
			isa = PBXGroup;
			children = (
				D7DA8D6A1BB814410083DDD1 /* Info.plist */,
			);
			name = "Supporting Files";
			sourceTree = "<group>";
		};
		D7DA8D751BB81BE50083DDD1 /* Resource */ = {
			isa = PBXGroup;
			children = (
				D7DA8D761BB81BF50083DDD1 /* horse.png */,
			);
			name = Resource;
			sourceTree = "<group>";
		};
/* End PBXGroup section */

/* Begin PBXNativeTarget section */
		D7DA8D4B1BB814410083DDD1 /* TransformDemo */ = {
			isa = PBXNativeTarget;
			buildConfigurationList = D7DA8D6F1BB814410083DDD1 /* Build configuration list for PBXNativeTarget "TransformDemo" */;
			buildPhases = (
				D7DA8D481BB814410083DDD1 /* Sources */,
				D7DA8D491BB814410083DDD1 /* Frameworks */,
				D7DA8D4A1BB814410083DDD1 /* Resources */,
			);
			buildRules = (
			);
			dependencies = (
			);
			name = TransformDemo;
			productName = TransformDemo;
			productReference = D7DA8D4C1BB814410083DDD1 /* TransformDemo.app */;
			productType = "com.apple.product-type.application";
		};
		D7DA8D641BB814410083DDD1 /* TransformDemoTests */ = {
			isa = PBXNativeTarget;
			buildConfigurationList = D7DA8D721BB814410083DDD1 /* Build configuration list for PBXNativeTarget "TransformDemoTests" */;
			buildPhases = (
				D7DA8D611BB814410083DDD1 /* Sources */,
				D7DA8D621BB814410083DDD1 /* Frameworks */,
				D7DA8D631BB814410083DDD1 /* Resources */,
			);
			buildRules = (
			);
			dependencies = (
				D7DA8D671BB814410083DDD1 /* PBXTargetDependency */,
			);
			name = TransformDemoTests;
			productName = TransformDemoTests;
			productReference = D7DA8D651BB814410083DDD1 /* TransformDemoTests.xctest */;
			productType = "com.apple.product-type.bundle.unit-test";
		};
/* End PBXNativeTarget section */

/* Begin PBXProject section */
		D7DA8D441BB814410083DDD1 /* Project object */ = {
			isa = PBXProject;
			attributes = {
				LastUpgradeCheck = 0640;
				ORGANIZATIONNAME = "陈晓峰";
				TargetAttributes = {
					D7DA8D4B1BB814410083DDD1 = {
						CreatedOnToolsVersion = 6.4;
					};
					D7DA8D641BB814410083DDD1 = {
						CreatedOnToolsVersion = 6.4;
						TestTargetID = D7DA8D4B1BB814410083DDD1;
					};
				};
			};
			buildConfigurationList = D7DA8D471BB814410083DDD1 /* Build configuration list for PBXProject "TransformDemo" */;
			compatibilityVersion = "Xcode 3.2";
			developmentRegion = English;
			hasScannedForEncodings = 0;
			knownRegions = (
				en,
				Base,
			);
			mainGroup = D7DA8D431BB814410083DDD1;
			productRefGroup = D7DA8D4D1BB814410083DDD1 /* Products */;
			projectDirPath = "";
			projectRoot = "";
			targets = (
				D7DA8D4B1BB814410083DDD1 /* TransformDemo */,
				D7DA8D641BB814410083DDD1 /* TransformDemoTests */,
			);
		};
/* End PBXProject section */

/* Begin PBXResourcesBuildPhase section */
		D7DA8D4A1BB814410083DDD1 /* Resources */ = {
			isa = PBXResourcesBuildPhase;
			buildActionMask = 2147483647;
			files = (
				D7DA8D771BB81BF50083DDD1 /* horse.png in Resources */,
				D7DA8D5B1BB814410083DDD1 /* Main.storyboard in Resources */,
				D7DA8D601BB814410083DDD1 /* LaunchScreen.xib in Resources */,
				D7DA8D5D1BB814410083DDD1 /* Images.xcassets in Resources */,
			);
			runOnlyForDeploymentPostprocessing = 0;
		};
		D7DA8D631BB814410083DDD1 /* Resources */ = {
			isa = PBXResourcesBuildPhase;
			buildActionMask = 2147483647;
			files = (
			);
			runOnlyForDeploymentPostprocessing = 0;
		};
/* End PBXResourcesBuildPhase section */

/* Begin PBXSourcesBuildPhase section */
		D7DA8D481BB814410083DDD1 /* Sources */ = {
			isa = PBXSourcesBuildPhase;
			buildActionMask = 2147483647;
			files = (
				D7DA8D581BB814410083DDD1 /* ViewController.m in Sources */,
				D7DA8D551BB814410083DDD1 /* AppDelegate.m in Sources */,
				D7DA8D521BB814410083DDD1 /* main.m in Sources */,
			);
			runOnlyForDeploymentPostprocessing = 0;
		};
		D7DA8D611BB814410083DDD1 /* Sources */ = {
			isa = PBXSourcesBuildPhase;
			buildActionMask = 2147483647;
			files = (
				D7DA8D6C1BB814410083DDD1 /* TransformDemoTests.m in Sources */,
			);
			runOnlyForDeploymentPostprocessing = 0;
		};
/* End PBXSourcesBuildPhase section */

/* Begin PBXTargetDependency section */
		D7DA8D671BB814410083DDD1 /* PBXTargetDependency */ = {
			isa = PBXTargetDependency;
			target = D7DA8D4B1BB814410083DDD1 /* TransformDemo */;
			targetProxy = D7DA8D661BB814410083DDD1 /* PBXContainerItemProxy */;
		};
/* End PBXTargetDependency section */

/* Begin PBXVariantGroup section */
		D7DA8D591BB814410083DDD1 /* Main.storyboard */ = {
			isa = PBXVariantGroup;
			children = (
				D7DA8D5A1BB814410083DDD1 /* Base */,
			);
			name = Main.storyboard;
			sourceTree = "<group>";
		};
		D7DA8D5E1BB814410083DDD1 /* LaunchScreen.xib */ = {
			isa = PBXVariantGroup;
			children = (
				D7DA8D5F1BB814410083DDD1 /* Base */,
			);
			name = LaunchScreen.xib;
			sourceTree = "<group>";
		};
/* End PBXVariantGroup section */

/* Begin XCBuildConfiguration section */
		D7DA8D6D1BB814410083DDD1 /* Debug */ = {
			isa = XCBuildConfiguration;
			buildSettings = {
				ALWAYS_SEARCH_USER_PATHS = NO;
				CLANG_CXX_LANGUAGE_STANDARD = "gnu++0x";
				CLANG_CXX_LIBRARY = "libc++";
				CLANG_ENABLE_MODULES = YES;
				CLANG_ENABLE_OBJC_ARC = YES;
				CLANG_WARN_BOOL_CONVERSION = YES;
				CLANG_WARN_CONSTANT_CONVERSION = YES;
				CLANG_WARN_DIRECT_OBJC_ISA_USAGE = YES_ERROR;
				CLANG_WARN_EMPTY_BODY = YES;
				CLANG_WARN_ENUM_CONVERSION = YES;
				CLANG_WARN_INT_CONVERSION = YES;
				CLANG_WARN_OBJC_ROOT_CLASS = YES_ERROR;
				CLANG_WARN_UNREACHABLE_CODE = YES;
				CLANG_WARN__DUPLICATE_METHOD_MATCH = YES;
				"CODE_SIGN_IDENTITY[sdk=iphoneos*]" = "iPhone Developer";
				COPY_PHASE_STRIP = NO;
				DEBUG_INFORMATION_FORMAT = "dwarf-with-dsym";
				ENABLE_STRICT_OBJC_MSGSEND = YES;
				GCC_C_LANGUAGE_STANDARD = gnu99;
				GCC_DYNAMIC_NO_PIC = NO;
				GCC_NO_COMMON_BLOCKS = YES;
				GCC_OPTIMIZATION_LEVEL = 0;
				GCC_PREPROCESSOR_DEFINITIONS = (
					"DEBUG=1",
					"$(inherited)",
				);
				GCC_SYMBOLS_PRIVATE_EXTERN = NO;
				GCC_WARN_64_TO_32_BIT_CONVERSION = YES;
				GCC_WARN_ABOUT_RETURN_TYPE = YES_ERROR;
				GCC_WARN_UNDECLARED_SELECTOR = YES;
				GCC_WARN_UNINITIALIZED_AUTOS = YES_AGGRESSIVE;
				GCC_WARN_UNUSED_FUNCTION = YES;
				GCC_WARN_UNUSED_VARIABLE = YES;
				IPHONEOS_DEPLOYMENT_TARGET = 8.4;
				MTL_ENABLE_DEBUG_INFO = YES;
				ONLY_ACTIVE_ARCH = YES;
				SDKROOT = iphoneos;
			};
			name = Debug;
		};
		D7DA8D6E1BB814410083DDD1 /* Release */ = {
			isa = XCBuildConfiguration;
			buildSettings = {
				ALWAYS_SEARCH_USER_PATHS = NO;
				CLANG_CXX_LANGUAGE_STANDARD = "gnu++0x";
				CLANG_CXX_LIBRARY = "libc++";
				CLANG_ENABLE_MODULES = YES;
				CLANG_ENABLE_OBJC_ARC = YES;
				CLANG_WARN_BOOL_CONVERSION = YES;
				CLANG_WARN_CONSTANT_CONVERSION = YES;
				CLANG_WARN_DIRECT_OBJC_ISA_USAGE = YES_ERROR;
				CLANG_WARN_EMPTY_BODY = YES;
				CLANG_WARN_ENUM_CONVERSION = YES;
				CLANG_WARN_INT_CONVERSION = YES;
				CLANG_WARN_OBJC_ROOT_CLASS = YES_ERROR;
				CLANG_WARN_UNREACHABLE_CODE = YES;
				CLANG_WARN__DUPLICATE_METHOD_MATCH = YES;
				"CODE_SIGN_IDENTITY[sdk=iphoneos*]" = "iPhone Developer";
				COPY_PHASE_STRIP = NO;
				DEBUG_INFORMATION_FORMAT = "dwarf-with-dsym";
				ENABLE_NS_ASSERTIONS = NO;
				ENABLE_STRICT_OBJC_MSGSEND = YES;
				GCC_C_LANGUAGE_STANDARD = gnu99;
				GCC_NO_COMMON_BLOCKS = YES;
				GCC_WARN_64_TO_32_BIT_CONVERSION = YES;
				GCC_WARN_ABOUT_RETURN_TYPE = YES_ERROR;
				GCC_WARN_UNDECLARED_SELECTOR = YES;
				GCC_WARN_UNINITIALIZED_AUTOS = YES_AGGRESSIVE;
				GCC_WARN_UNUSED_FUNCTION = YES;
				GCC_WARN_UNUSED_VARIABLE = YES;
				IPHONEOS_DEPLOYMENT_TARGET = 8.4;
				MTL_ENABLE_DEBUG_INFO = NO;
				SDKROOT = iphoneos;
				VALIDATE_PRODUCT = YES;
			};
			name = Release;
		};
		D7DA8D701BB814410083DDD1 /* Debug */ = {
			isa = XCBuildConfiguration;
			buildSettings = {
				ASSETCATALOG_COMPILER_APPICON_NAME = AppIcon;
				INFOPLIST_FILE = TransformDemo/Info.plist;
				LD_RUNPATH_SEARCH_PATHS = "$(inherited) @executable_path/Frameworks";
				PRODUCT_NAME = "$(TARGET_NAME)";
			};
			name = Debug;
		};
		D7DA8D711BB814410083DDD1 /* Release */ = {
			isa = XCBuildConfiguration;
			buildSettings = {
				ASSETCATALOG_COMPILER_APPICON_NAME = AppIcon;
				INFOPLIST_FILE = TransformDemo/Info.plist;
				LD_RUNPATH_SEARCH_PATHS = "$(inherited) @executable_path/Frameworks";
				PRODUCT_NAME = "$(TARGET_NAME)";
			};
			name = Release;
		};
		D7DA8D731BB814410083DDD1 /* Debug */ = {
			isa = XCBuildConfiguration;
			buildSettings = {
				BUNDLE_LOADER = "$(TEST_HOST)";
				FRAMEWORK_SEARCH_PATHS = (
					"$(SDKROOT)/Developer/Library/Frameworks",
					"$(inherited)",
				);
				GCC_PREPROCESSOR_DEFINITIONS = (
					"DEBUG=1",
					"$(inherited)",
				);
				INFOPLIST_FILE = TransformDemoTests/Info.plist;
				LD_RUNPATH_SEARCH_PATHS = "$(inherited) @executable_path/Frameworks @loader_path/Frameworks";
				PRODUCT_NAME = "$(TARGET_NAME)";
				TEST_HOST = "$(BUILT_PRODUCTS_DIR)/TransformDemo.app/TransformDemo";
			};
			name = Debug;
		};
		D7DA8D741BB814410083DDD1 /* Release */ = {
			isa = XCBuildConfiguration;
			buildSettings = {
				BUNDLE_LOADER = "$(TEST_HOST)";
				FRAMEWORK_SEARCH_PATHS = (
					"$(SDKROOT)/Developer/Library/Frameworks",
					"$(inherited)",
				);
				INFOPLIST_FILE = TransformDemoTests/Info.plist;
				LD_RUNPATH_SEARCH_PATHS = "$(inherited) @executable_path/Frameworks @loader_path/Frameworks";
				PRODUCT_NAME = "$(TARGET_NAME)";
				TEST_HOST = "$(BUILT_PRODUCTS_DIR)/TransformDemo.app/TransformDemo";
			};
			name = Release;
		};
/* End XCBuildConfiguration section */

/* Begin XCConfigurationList section */
		D7DA8D471BB814410083DDD1 /* Build configuration list for PBXProject "TransformDemo" */ = {
			isa = XCConfigurationList;
			buildConfigurations = (
				D7DA8D6D1BB814410083DDD1 /* Debug */,
				D7DA8D6E1BB814410083DDD1 /* Release */,
			);
			defaultConfigurationIsVisible = 0;
			defaultConfigurationName = Release;
		};
		D7DA8D6F1BB814410083DDD1 /* Build configuration list for PBXNativeTarget "TransformDemo" */ = {
			isa = XCConfigurationList;
			buildConfigurations = (
				D7DA8D701BB814410083DDD1 /* Debug */,
				D7DA8D711BB814410083DDD1 /* Release */,
			);
			defaultConfigurationIsVisible = 0;
		};
		D7DA8D721BB814410083DDD1 /* Build configuration list for PBXNativeTarget "TransformDemoTests" */ = {
			isa = XCConfigurationList;
			buildConfigurations = (
				D7DA8D731BB814410083DDD1 /* Debug */,
				D7DA8D741BB814410083DDD1 /* Release */,
			);
			defaultConfigurationIsVisible = 0;
		};
/* End XCConfigurationList section */
	};
	rootObject = D7DA8D441BB814410083DDD1 /* Project object */;
}
